
Microsoft Visual Studio Solution File, Format Version 12.00
# Visual Studio 14
VisualStudioVersion = 14.0.25420.1
MinimumVisualStudioVersion = 10.0.40219.1
Project("{D954291E-2A0B-460D-934E-DC6B0785DB48}") = "PITCSurveyApp", "PITCSurveyApp\PITCSurveyApp\PITCSurveyApp.shproj", "{72F738D9-F2B0-46D7-8E2E-0DDAB5023FF7}"
EndProject
Project("{FAE04EC0-301F-11D3-BF4B-00C04F79EFBC}") = "PITCSurveyApp.Droid", "PITCSurveyApp\PITCSurveyApp.Droid\PITCSurveyApp.Droid.csproj", "{0576DBC4-1EBA-4925-8B9F-DD4C8C035703}"
EndProject
Project("{FAE04EC0-301F-11D3-BF4B-00C04F79EFBC}") = "PITCSurveyApp.iOS", "PITCSurveyApp\PITCSurveyApp.iOS\PITCSurveyApp.iOS.csproj", "{5077E81A-EEBC-4F37-888B-982AF6AF3955}"
EndProject
Project("{FAE04EC0-301F-11D3-BF4B-00C04F79EFBC}") = "PITCSurveyApp.UWP", "PITCSurveyApp\PITCSurveyApp.UWP\PITCSurveyApp.UWP.csproj", "{89B6EEEF-C4E9-47E6-A622-784B0E498982}"
EndProject
Project("{FAE04EC0-301F-11D3-BF4B-00C04F79EFBC}") = "PITCSurveyApp.Lib", "PITCSurveyApp\PITCSurveyApp.Lib\PITCSurveyApp.Lib.csproj", "{43FDF823-BC71-4452-AB29-A028E38B7FD1}"
EndProject
Global
	GlobalSection(SharedMSBuildProjectFiles) = preSolution
		PITCSurveyApp\PITCSurveyApp\PITCSurveyApp.projitems*{0576dbc4-1eba-4925-8b9f-dd4c8c035703}*SharedItemsImports = 4
		PITCSurveyApp\PITCSurveyApp\PITCSurveyApp.projitems*{5077e81a-eebc-4f37-888b-982af6af3955}*SharedItemsImports = 4
		PITCSurveyApp\PITCSurveyApp\PITCSurveyApp.projitems*{72f738d9-f2b0-46d7-8e2e-0ddab5023ff7}*SharedItemsImports = 13
		PITCSurveyApp\PITCSurveyApp\PITCSurveyApp.projitems*{89b6eeef-c4e9-47e6-a622-784b0e498982}*SharedItemsImports = 4
	EndGlobalSection
	GlobalSection(SolutionConfigurationPlatforms) = preSolution
		Ad-Hoc|Any CPU = Ad-Hoc|Any CPU
		Ad-Hoc|ARM = Ad-Hoc|ARM
		Ad-Hoc|iPhone = Ad-Hoc|iPhone
		Ad-Hoc|iPhoneSimulator = Ad-Hoc|iPhoneSimulator
		Ad-Hoc|x64 = Ad-Hoc|x64
		Ad-Hoc|x86 = Ad-Hoc|x86
		AppStore|Any CPU = AppStore|Any CPU
		AppStore|ARM = AppStore|ARM
		AppStore|iPhone = AppStore|iPhone
		AppStore|iPhoneSimulator = AppStore|iPhoneSimulator
		AppStore|x64 = AppStore|x64
		AppStore|x86 = AppStore|x86
		Debug|Any CPU = Debug|Any CPU
		Debug|ARM = Debug|ARM
		Debug|iPhone = Debug|iPhone
		Debug|iPhoneSimulator = Debug|iPhoneSimulator
		Debug|x64 = Debug|x64
		Debug|x86 = Debug|x86
		Release|Any CPU = Release|Any CPU
		Release|ARM = Release|ARM
		Release|iPhone = Release|iPhone
		Release|iPhoneSimulator = Release|iPhoneSimulator
		Release|x64 = Release|x64
		Release|x86 = Release|x86
	EndGlobalSection
	GlobalSection(ProjectConfigurationPlatforms) = postSolution
		{0576DBC4-1EBA-4925-8B9F-DD4C8C035703}.Ad-Hoc|Any CPU.ActiveCfg = Release|Any CPU
		{0576DBC4-1EBA-4925-8B9F-DD4C8C035703}.Ad-Hoc|Any CPU.Build.0 = Release|Any CPU
		{0576DBC4-1EBA-4925-8B9F-DD4C8C035703}.Ad-Hoc|Any CPU.Deploy.0 = Release|Any CPU
		{0576DBC4-1EBA-4925-8B9F-DD4C8C035703}.Ad-Hoc|ARM.ActiveCfg = Release|Any CPU
		{0576DBC4-1EBA-4925-8B9F-DD4C8C035703}.Ad-Hoc|ARM.Build.0 = Release|Any CPU
		{0576DBC4-1EBA-4925-8B9F-DD4C8C035703}.Ad-Hoc|ARM.Deploy.0 = Release|Any CPU
		{0576DBC4-1EBA-4925-8B9F-DD4C8C035703}.Ad-Hoc|iPhone.ActiveCfg = Release|Any CPU
		{0576DBC4-1EBA-4925-8B9F-DD4C8C035703}.Ad-Hoc|iPhone.Build.0 = Release|Any CPU
		{0576DBC4-1EBA-4925-8B9F-DD4C8C035703}.Ad-Hoc|iPhone.Deploy.0 = Release|Any CPU
		{0576DBC4-1EBA-4925-8B9F-DD4C8C035703}.Ad-Hoc|iPhoneSimulator.ActiveCfg = Release|Any CPU
		{0576DBC4-1EBA-4925-8B9F-DD4C8C035703}.Ad-Hoc|iPhoneSimulator.Build.0 = Release|Any CPU
		{0576DBC4-1EBA-4925-8B9F-DD4C8C035703}.Ad-Hoc|iPhoneSimulator.Deploy.0 = Release|Any CPU
		{0576DBC4-1EBA-4925-8B9F-DD4C8C035703}.Ad-Hoc|x64.ActiveCfg = Release|Any CPU
		{0576DBC4-1EBA-4925-8B9F-DD4C8C035703}.Ad-Hoc|x64.Build.0 = Release|Any CPU
		{0576DBC4-1EBA-4925-8B9F-DD4C8C035703}.Ad-Hoc|x64.Deploy.0 = Release|Any CPU
		{0576DBC4-1EBA-4925-8B9F-DD4C8C035703}.Ad-Hoc|x86.ActiveCfg = Release|Any CPU
		{0576DBC4-1EBA-4925-8B9F-DD4C8C035703}.Ad-Hoc|x86.Build.0 = Release|Any CPU
		{0576DBC4-1EBA-4925-8B9F-DD4C8C035703}.Ad-Hoc|x86.Deploy.0 = Release|Any CPU
		{0576DBC4-1EBA-4925-8B9F-DD4C8C035703}.AppStore|Any CPU.ActiveCfg = Release|Any CPU
		{0576DBC4-1EBA-4925-8B9F-DD4C8C035703}.AppStore|Any CPU.Build.0 = Release|Any CPU
		{0576DBC4-1EBA-4925-8B9F-DD4C8C035703}.AppStore|Any CPU.Deploy.0 = Release|Any CPU
		{0576DBC4-1EBA-4925-8B9F-DD4C8C035703}.AppStore|ARM.ActiveCfg = Release|Any CPU
		{0576DBC4-1EBA-4925-8B9F-DD4C8C035703}.AppStore|ARM.Build.0 = Release|Any CPU
		{0576DBC4-1EBA-4925-8B9F-DD4C8C035703}.AppStore|ARM.Deploy.0 = Release|Any CPU
		{0576DBC4-1EBA-4925-8B9F-DD4C8C035703}.AppStore|iPhone.ActiveCfg = Release|Any CPU
		{0576DBC4-1EBA-4925-8B9F-DD4C8C035703}.AppStore|iPhone.Build.0 = Release|Any CPU
		{0576DBC4-1EBA-4925-8B9F-DD4C8C035703}.AppStore|iPhone.Deploy.0 = Release|Any CPU
		{0576DBC4-1EBA-4925-8B9F-DD4C8C035703}.AppStore|iPhoneSimulator.ActiveCfg = Release|Any CPU
		{0576DBC4-1EBA-4925-8B9F-DD4C8C035703}.AppStore|iPhoneSimulator.Build.0 = Release|Any CPU
		{0576DBC4-1EBA-4925-8B9F-DD4C8C035703}.AppStore|iPhoneSimulator.Deploy.0 = Release|Any CPU
		{0576DBC4-1EBA-4925-8B9F-DD4C8C035703}.AppStore|x64.ActiveCfg = Release|Any CPU
		{0576DBC4-1EBA-4925-8B9F-DD4C8C035703}.AppStore|x64.Build.0 = Release|Any CPU
		{0576DBC4-1EBA-4925-8B9F-DD4C8C035703}.AppStore|x64.Deploy.0 = Release|Any CPU
		{0576DBC4-1EBA-4925-8B9F-DD4C8C035703}.AppStore|x86.ActiveCfg = Release|Any CPU
		{0576DBC4-1EBA-4925-8B9F-DD4C8C035703}.AppStore|x86.Build.0 = Release|Any CPU
		{0576DBC4-1EBA-4925-8B9F-DD4C8C035703}.AppStore|x86.Deploy.0 = Release|Any CPU
		{0576DBC4-1EBA-4925-8B9F-DD4C8C035703}.Debug|Any CPU.ActiveCfg = Debug|Any CPU
		{0576DBC4-1EBA-4925-8B9F-DD4C8C035703}.Debug|Any CPU.Build.0 = Debug|Any CPU
		{0576DBC4-1EBA-4925-8B9F-DD4C8C035703}.Debug|Any CPU.Deploy.0 = Debug|Any CPU
		{0576DBC4-1EBA-4925-8B9F-DD4C8C035703}.Debug|ARM.ActiveCfg = Debug|Any CPU
		{0576DBC4-1EBA-4925-8B9F-DD4C8C035703}.Debug|ARM.Build.0 = Debug|Any CPU
		{0576DBC4-1EBA-4925-8B9F-DD4C8C035703}.Debug|ARM.Deploy.0 = Debug|Any CPU
		{0576DBC4-1EBA-4925-8B9F-DD4C8C035703}.Debug|iPhone.ActiveCfg = Debug|Any CPU
		{0576DBC4-1EBA-4925-8B9F-DD4C8C035703}.Debug|iPhone.Build.0 = Debug|Any CPU
		{0576DBC4-1EBA-4925-8B9F-DD4C8C035703}.Debug|iPhone.Deploy.0 = Debug|Any CPU
		{0576DBC4-1EBA-4925-8B9F-DD4C8C035703}.Debug|iPhoneSimulator.ActiveCfg = Debug|Any CPU
		{0576DBC4-1EBA-4925-8B9F-DD4C8C035703}.Debug|iPhoneSimulator.Build.0 = Debug|Any CPU
		{0576DBC4-1EBA-4925-8B9F-DD4C8C035703}.Debug|iPhoneSimulator.Deploy.0 = Debug|Any CPU
		{0576DBC4-1EBA-4925-8B9F-DD4C8C035703}.Debug|x64.ActiveCfg = Debug|Any CPU
		{0576DBC4-1EBA-4925-8B9F-DD4C8C035703}.Debug|x64.Build.0 = Debug|Any CPU
		{0576DBC4-1EBA-4925-8B9F-DD4C8C035703}.Debug|x64.Deploy.0 = Debug|Any CPU
		{0576DBC4-1EBA-4925-8B9F-DD4C8C035703}.Debug|x86.ActiveCfg = Debug|Any CPU
		{0576DBC4-1EBA-4925-8B9F-DD4C8C035703}.Debug|x86.Build.0 = Debug|Any CPU
		{0576DBC4-1EBA-4925-8B9F-DD4C8C035703}.Debug|x86.Deploy.0 = Debug|Any CPU
		{0576DBC4-1EBA-4925-8B9F-DD4C8C035703}.Release|Any CPU.ActiveCfg = Release|Any CPU
		{0576DBC4-1EBA-4925-8B9F-DD4C8C035703}.Release|Any CPU.Build.0 = Release|Any CPU
		{0576DBC4-1EBA-4925-8B9F-DD4C8C035703}.Release|Any CPU.Deploy.0 = Release|Any CPU
		{0576DBC4-1EBA-4925-8B9F-DD4C8C035703}.Release|ARM.ActiveCfg = Release|Any CPU
		{0576DBC4-1EBA-4925-8B9F-DD4C8C035703}.Release|ARM.Build.0 = Release|Any CPU
		{0576DBC4-1EBA-4925-8B9F-DD4C8C035703}.Release|ARM.Deploy.0 = Release|Any CPU
		{0576DBC4-1EBA-4925-8B9F-DD4C8C035703}.Release|iPhone.ActiveCfg = Release|Any CPU
		{0576DBC4-1EBA-4925-8B9F-DD4C8C035703}.Release|iPhone.Build.0 = Release|Any CPU
		{0576DBC4-1EBA-4925-8B9F-DD4C8C035703}.Release|iPhone.Deploy.0 = Release|Any CPU
		{0576DBC4-1EBA-4925-8B9F-DD4C8C035703}.Release|iPhoneSimulator.ActiveCfg = Release|Any CPU
		{0576DBC4-1EBA-4925-8B9F-DD4C8C035703}.Release|iPhoneSimulator.Build.0 = Release|Any CPU
		{0576DBC4-1EBA-4925-8B9F-DD4C8C035703}.Release|iPhoneSimulator.Deploy.0 = Release|Any CPU
		{0576DBC4-1EBA-4925-8B9F-DD4C8C035703}.Release|x64.ActiveCfg = Release|Any CPU
		{0576DBC4-1EBA-4925-8B9F-DD4C8C035703}.Release|x64.Build.0 = Release|Any CPU
		{0576DBC4-1EBA-4925-8B9F-DD4C8C035703}.Release|x64.Deploy.0 = Release|Any CPU
		{0576DBC4-1EBA-4925-8B9F-DD4C8C035703}.Release|x86.ActiveCfg = Release|Any CPU
		{0576DBC4-1EBA-4925-8B9F-DD4C8C035703}.Release|x86.Build.0 = Release|Any CPU
		{0576DBC4-1EBA-4925-8B9F-DD4C8C035703}.Release|x86.Deploy.0 = Release|Any CPU
		{5077E81A-EEBC-4F37-888B-982AF6AF3955}.Ad-Hoc|Any CPU.ActiveCfg = Ad-Hoc|iPhone
		{5077E81A-EEBC-4F37-888B-982AF6AF3955}.Ad-Hoc|ARM.ActiveCfg = Ad-Hoc|iPhone
		{5077E81A-EEBC-4F37-888B-982AF6AF3955}.Ad-Hoc|iPhone.ActiveCfg = Ad-Hoc|iPhone
		{5077E81A-EEBC-4F37-888B-982AF6AF3955}.Ad-Hoc|iPhone.Build.0 = Ad-Hoc|iPhone
		{5077E81A-EEBC-4F37-888B-982AF6AF3955}.Ad-Hoc|iPhoneSimulator.ActiveCfg = Ad-Hoc|iPhoneSimulator
		{5077E81A-EEBC-4F37-888B-982AF6AF3955}.Ad-Hoc|iPhoneSimulator.Build.0 = Ad-Hoc|iPhoneSimulator
		{5077E81A-EEBC-4F37-888B-982AF6AF3955}.Ad-Hoc|x64.ActiveCfg = Ad-Hoc|iPhone
		{5077E81A-EEBC-4F37-888B-982AF6AF3955}.Ad-Hoc|x86.ActiveCfg = Ad-Hoc|iPhone
		{5077E81A-EEBC-4F37-888B-982AF6AF3955}.AppStore|Any CPU.ActiveCfg = AppStore|iPhone
		{5077E81A-EEBC-4F37-888B-982AF6AF3955}.AppStore|ARM.ActiveCfg = AppStore|iPhone
		{5077E81A-EEBC-4F37-888B-982AF6AF3955}.AppStore|iPhone.ActiveCfg = AppStore|iPhone
		{5077E81A-EEBC-4F37-888B-982AF6AF3955}.AppStore|iPhone.Build.0 = AppStore|iPhone
		{5077E81A-EEBC-4F37-888B-982AF6AF3955}.AppStore|iPhoneSimulator.ActiveCfg = AppStore|iPhoneSimulator
		{5077E81A-EEBC-4F37-888B-982AF6AF3955}.AppStore|iPhoneSimulator.Build.0 = AppStore|iPhoneSimulator
		{5077E81A-EEBC-4F37-888B-982AF6AF3955}.AppStore|x64.ActiveCfg = AppStore|iPhone
		{5077E81A-EEBC-4F37-888B-982AF6AF3955}.AppStore|x86.ActiveCfg = AppStore|iPhone
		{5077E81A-EEBC-4F37-888B-982AF6AF3955}.Debug|Any CPU.ActiveCfg = Debug|iPhone
		{5077E81A-EEBC-4F37-888B-982AF6AF3955}.Debug|ARM.ActiveCfg = Debug|iPhone
		{5077E81A-EEBC-4F37-888B-982AF6AF3955}.Debug|iPhone.ActiveCfg = Debug|iPhone
		{5077E81A-EEBC-4F37-888B-982AF6AF3955}.Debug|iPhone.Build.0 = Debug|iPhone
		{5077E81A-EEBC-4F37-888B-982AF6AF3955}.Debug|iPhoneSimulator.ActiveCfg = Debug|iPhoneSimulator
		{5077E81A-EEBC-4F37-888B-982AF6AF3955}.Debug|iPhoneSimulator.Build.0 = Debug|iPhoneSimulator
		{5077E81A-EEBC-4F37-888B-982AF6AF3955}.Debug|x64.ActiveCfg = Debug|iPhone
		{5077E81A-EEBC-4F37-888B-982AF6AF3955}.Debug|x86.ActiveCfg = Debug|iPhone
		{5077E81A-EEBC-4F37-888B-982AF6AF3955}.Release|Any CPU.ActiveCfg = Release|iPhone
		{5077E81A-EEBC-4F37-888B-982AF6AF3955}.Release|ARM.ActiveCfg = Release|iPhone
		{5077E81A-EEBC-4F37-888B-982AF6AF3955}.Release|iPhone.ActiveCfg = Release|iPhone
		{5077E81A-EEBC-4F37-888B-982AF6AF3955}.Release|iPhone.Build.0 = Release|iPhone
		{5077E81A-EEBC-4F37-888B-982AF6AF3955}.Release|iPhoneSimulator.ActiveCfg = Release|iPhoneSimulator
		{5077E81A-EEBC-4F37-888B-982AF6AF3955}.Release|iPhoneSimulator.Build.0 = Release|iPhoneSimulator
		{5077E81A-EEBC-4F37-888B-982AF6AF3955}.Release|x64.ActiveCfg = Release|iPhone
		{5077E81A-EEBC-4F37-888B-982AF6AF3955}.Release|x86.ActiveCfg = Release|iPhone
		{89B6EEEF-C4E9-47E6-A622-784B0E498982}.Ad-Hoc|Any CPU.ActiveCfg = Release|x86
		{89B6EEEF-C4E9-47E6-A622-784B0E498982}.Ad-Hoc|Any CPU.Build.0 = Release|x86
		{89B6EEEF-C4E9-47E6-A622-784B0E498982}.Ad-Hoc|Any CPU.Deploy.0 = Release|x86
		{89B6EEEF-C4E9-47E6-A622-784B0E498982}.Ad-Hoc|ARM.ActiveCfg = Release|ARM
		{89B6EEEF-C4E9-47E6-A622-784B0E498982}.Ad-Hoc|ARM.Build.0 = Release|ARM
		{89B6EEEF-C4E9-47E6-A622-784B0E498982}.Ad-Hoc|ARM.Deploy.0 = Release|ARM
		{89B6EEEF-C4E9-47E6-A622-784B0E498982}.Ad-Hoc|iPhone.ActiveCfg = Release|x86
		{89B6EEEF-C4E9-47E6-A622-784B0E498982}.Ad-Hoc|iPhone.Build.0 = Release|x86
		{89B6EEEF-C4E9-47E6-A622-784B0E498982}.Ad-Hoc|iPhone.Deploy.0 = Release|x86
		{89B6EEEF-C4E9-47E6-A622-784B0E498982}.Ad-Hoc|iPhoneSimulator.ActiveCfg = Release|x86
		{89B6EEEF-C4E9-47E6-A622-784B0E498982}.Ad-Hoc|iPhoneSimulator.Build.0 = Release|x86
		{89B6EEEF-C4E9-47E6-A622-784B0E498982}.Ad-Hoc|iPhoneSimulator.Deploy.0 = Release|x86
		{89B6EEEF-C4E9-47E6-A622-784B0E498982}.Ad-Hoc|x64.ActiveCfg = Release|x64
		{89B6EEEF-C4E9-47E6-A622-784B0E498982}.Ad-Hoc|x64.Build.0 = Release|x64
		{89B6EEEF-C4E9-47E6-A622-784B0E498982}.Ad-Hoc|x64.Deploy.0 = Release|x64
		{89B6EEEF-C4E9-47E6-A622-784B0E498982}.Ad-Hoc|x86.ActiveCfg = Release|x86
		{89B6EEEF-C4E9-47E6-A622-784B0E498982}.Ad-Hoc|x86.Build.0 = Release|x86
		{89B6EEEF-C4E9-47E6-A622-784B0E498982}.Ad-Hoc|x86.Deploy.0 = Release|x86
		{89B6EEEF-C4E9-47E6-A622-784B0E498982}.AppStore|Any CPU.ActiveCfg = Release|x86
		{89B6EEEF-C4E9-47E6-A622-784B0E498982}.AppStore|Any CPU.Build.0 = Release|x86
		{89B6EEEF-C4E9-47E6-A622-784B0E498982}.AppStore|Any CPU.Deploy.0 = Release|x86
		{89B6EEEF-C4E9-47E6-A622-784B0E498982}.AppStore|ARM.ActiveCfg = Release|ARM
		{89B6EEEF-C4E9-47E6-A622-784B0E498982}.AppStore|ARM.Build.0 = Release|ARM
		{89B6EEEF-C4E9-47E6-A622-784B0E498982}.AppStore|ARM.Deploy.0 = Release|ARM
		{89B6EEEF-C4E9-47E6-A622-784B0E498982}.AppStore|iPhone.ActiveCfg = Release|x86
		{89B6EEEF-C4E9-47E6-A622-784B0E498982}.AppStore|iPhone.Build.0 = Release|x86
		{89B6EEEF-C4E9-47E6-A622-784B0E498982}.AppStore|iPhone.Deploy.0 = Release|x86
		{89B6EEEF-C4E9-47E6-A622-784B0E498982}.AppStore|iPhoneSimulator.ActiveCfg = Release|x86
		{89B6EEEF-C4E9-47E6-A622-784B0E498982}.AppStore|iPhoneSimulator.Build.0 = Release|x86
		{89B6EEEF-C4E9-47E6-A622-784B0E498982}.AppStore|iPhoneSimulator.Deploy.0 = Release|x86
		{89B6EEEF-C4E9-47E6-A622-784B0E498982}.AppStore|x64.ActiveCfg = Release|x64
		{89B6EEEF-C4E9-47E6-A622-784B0E498982}.AppStore|x64.Build.0 = Release|x64
		{89B6EEEF-C4E9-47E6-A622-784B0E498982}.AppStore|x64.Deploy.0 = Release|x64
		{89B6EEEF-C4E9-47E6-A622-784B0E498982}.AppStore|x86.ActiveCfg = Release|x86
		{89B6EEEF-C4E9-47E6-A622-784B0E498982}.AppStore|x86.Build.0 = Release|x86
		{89B6EEEF-C4E9-47E6-A622-784B0E498982}.AppStore|x86.Deploy.0 = Release|x86
		{89B6EEEF-C4E9-47E6-A622-784B0E498982}.Debug|Any CPU.ActiveCfg = Debug|x86
		{89B6EEEF-C4E9-47E6-A622-784B0E498982}.Debug|Any CPU.Build.0 = Debug|x86
		{89B6EEEF-C4E9-47E6-A622-784B0E498982}.Debug|Any CPU.Deploy.0 = Debug|x86
		{89B6EEEF-C4E9-47E6-A622-784B0E498982}.Debug|ARM.ActiveCfg = Debug|ARM
		{89B6EEEF-C4E9-47E6-A622-784B0E498982}.Debug|ARM.Build.0 = Debug|ARM
		{89B6EEEF-C4E9-47E6-A622-784B0E498982}.Debug|ARM.Deploy.0 = Debug|ARM
		{89B6EEEF-C4E9-47E6-A622-784B0E498982}.Debug|iPhone.ActiveCfg = Debug|x86
		{89B6EEEF-C4E9-47E6-A622-784B0E498982}.Debug|iPhoneSimulator.ActiveCfg = Debug|x86
		{89B6EEEF-C4E9-47E6-A622-784B0E498982}.Debug|x64.ActiveCfg = Debug|x64
		{89B6EEEF-C4E9-47E6-A622-784B0E498982}.Debug|x64.Build.0 = Debug|x64
		{89B6EEEF-C4E9-47E6-A622-784B0E498982}.Debug|x64.Deploy.0 = Debug|x64
		{89B6EEEF-C4E9-47E6-A622-784B0E498982}.Debug|x86.ActiveCfg = Debug|x86
		{89B6EEEF-C4E9-47E6-A622-784B0E498982}.Debug|x86.Build.0 = Debug|x86
		{89B6EEEF-C4E9-47E6-A622-784B0E498982}.Debug|x86.Deploy.0 = Debug|x86
		{89B6EEEF-C4E9-47E6-A622-784B0E498982}.Release|Any CPU.ActiveCfg = Release|x86
		{89B6EEEF-C4E9-47E6-A622-784B0E498982}.Release|ARM.ActiveCfg = Release|ARM
		{89B6EEEF-C4E9-47E6-A622-784B0E498982}.Release|ARM.Build.0 = Release|ARM
		{89B6EEEF-C4E9-47E6-A622-784B0E498982}.Release|ARM.Deploy.0 = Release|ARM
		{89B6EEEF-C4E9-47E6-A622-784B0E498982}.Release|iPhone.ActiveCfg = Release|x86
		{89B6EEEF-C4E9-47E6-A622-784B0E498982}.Release|iPhoneSimulator.ActiveCfg = Release|x86
		{89B6EEEF-C4E9-47E6-A622-784B0E498982}.Release|x64.ActiveCfg = Release|x64
		{89B6EEEF-C4E9-47E6-A622-784B0E498982}.Release|x64.Build.0 = Release|x64
		{89B6EEEF-C4E9-47E6-A622-784B0E498982}.Release|x64.Deploy.0 = Release|x64
		{89B6EEEF-C4E9-47E6-A622-784B0E498982}.Release|x86.ActiveCfg = Release|x86
		{89B6EEEF-C4E9-47E6-A622-784B0E498982}.Release|x86.Build.0 = Release|x86
		{89B6EEEF-C4E9-47E6-A622-784B0E498982}.Release|x86.Deploy.0 = Release|x86
		{43FDF823-BC71-4452-AB29-A028E38B7FD1}.Ad-Hoc|Any CPU.ActiveCfg = Release|Any CPU
		{43FDF823-BC71-4452-AB29-A028E38B7FD1}.Ad-Hoc|Any CPU.Build.0 = Release|Any CPU
		{43FDF823-BC71-4452-AB29-A028E38B7FD1}.Ad-Hoc|ARM.ActiveCfg = Release|Any CPU
		{43FDF823-BC71-4452-AB29-A028E38B7FD1}.Ad-Hoc|ARM.Build.0 = Release|Any CPU
		{43FDF823-BC71-4452-AB29-A028E38B7FD1}.Ad-Hoc|iPhone.ActiveCfg = Release|Any CPU
		{43FDF823-BC71-4452-AB29-A028E38B7FD1}.Ad-Hoc|iPhone.Build.0 = Release|Any CPU
		{43FDF823-BC71-4452-AB29-A028E38B7FD1}.Ad-Hoc|iPhoneSimulator.ActiveCfg = Release|Any CPU
		{43FDF823-BC71-4452-AB29-A028E38B7FD1}.Ad-Hoc|iPhoneSimulator.Build.0 = Release|Any CPU
		{43FDF823-BC71-4452-AB29-A028E38B7FD1}.Ad-Hoc|x64.ActiveCfg = Release|Any CPU
		{43FDF823-BC71-4452-AB29-A028E38B7FD1}.Ad-Hoc|x64.Build.0 = Release|Any CPU
		{43FDF823-BC71-4452-AB29-A028E38B7FD1}.Ad-Hoc|x86.ActiveCfg = Release|Any CPU
		{43FDF823-BC71-4452-AB29-A028E38B7FD1}.Ad-Hoc|x86.Build.0 = Release|Any CPU
		{43FDF823-BC71-4452-AB29-A028E38B7FD1}.AppStore|Any CPU.ActiveCfg = Release|Any CPU
		{43FDF823-BC71-4452-AB29-A028E38B7FD1}.AppStore|Any CPU.Build.0 = Release|Any CPU
		{43FDF823-BC71-4452-AB29-A028E38B7FD1}.AppStore|ARM.ActiveCfg = Release|Any CPU
		{43FDF823-BC71-4452-AB29-A028E38B7FD1}.AppStore|ARM.Build.0 = Release|Any CPU
		{43FDF823-BC71-4452-AB29-A028E38B7FD1}.AppStore|iPhone.ActiveCfg = Release|Any CPU
		{43FDF823-BC71-4452-AB29-A028E38B7FD1}.AppStore|iPhone.Build.0 = Release|Any CPU
		{43FDF823-BC71-4452-AB29-A028E38B7FD1}.AppStore|iPhoneSimulator.ActiveCfg = Release|Any CPU
		{43FDF823-BC71-4452-AB29-A028E38B7FD1}.AppStore|iPhoneSimulator.Build.0 = Release|Any CPU
		{43FDF823-BC71-4452-AB29-A028E38B7FD1}.AppStore|x64.ActiveCfg = Release|Any CPU
		{43FDF823-BC71-4452-AB29-A028E38B7FD1}.AppStore|x64.Build.0 = Release|Any CPU
		{43FDF823-BC71-4452-AB29-A028E38B7FD1}.AppStore|x86.ActiveCfg = Release|Any CPU
		{43FDF823-BC71-4452-AB29-A028E38B7FD1}.AppStore|x86.Build.0 = Release|Any CPU
		{43FDF823-BC71-4452-AB29-A028E38B7FD1}.Debug|Any CPU.ActiveCfg = Debug|Any CPU
		{43FDF823-BC71-4452-AB29-A028E38B7FD1}.Debug|Any CPU.Build.0 = Debug|Any CPU
		{43FDF823-BC71-4452-AB29-A028E38B7FD1}.Debug|ARM.ActiveCfg = Debug|Any CPU
		{43FDF823-BC71-4452-AB29-A028E38B7FD1}.Debug|ARM.Build.0 = Debug|Any CPU
		{43FDF823-BC71-4452-AB29-A028E38B7FD1}.Debug|iPhone.ActiveCfg = Debug|Any CPU
		{43FDF823-BC71-4452-AB29-A028E38B7FD1}.Debug|iPhone.Build.0 = Debug|Any CPU
		{43FDF823-BC71-4452-AB29-A028E38B7FD1}.Debug|iPhoneSimulator.ActiveCfg = Debug|Any CPU
		{43FDF823-BC71-4452-AB29-A028E38B7FD1}.Debug|iPhoneSimulator.Build.0 = Debug|Any CPU
		{43FDF823-BC71-4452-AB29-A028E38B7FD1}.Debug|x64.ActiveCfg = Debug|Any CPU
		{43FDF823-BC71-4452-AB29-A028E38B7FD1}.Debug|x64.Build.0 = Debug|Any CPU
		{43FDF823-BC71-4452-AB29-A028E38B7FD1}.Debug|x86.ActiveCfg = Debug|Any CPU
		{43FDF823-BC71-4452-AB29-A028E38B7FD1}.Debug|x86.Build.0 = Debug|Any CPU
		{43FDF823-BC71-4452-AB29-A028E38B7FD1}.Release|Any CPU.ActiveCfg = Release|Any CPU
		{43FDF823-BC71-4452-AB29-A028E38B7FD1}.Release|Any CPU.Build.0 = Release|Any CPU
		{43FDF823-BC71-4452-AB29-A028E38B7FD1}.Release|ARM.ActiveCfg = Release|Any CPU
		{43FDF823-BC71-4452-AB29-A028E38B7FD1}.Release|ARM.Build.0 = Release|Any CPU
		{43FDF823-BC71-4452-AB29-A028E38B7FD1}.Release|iPhone.ActiveCfg = Release|Any CPU
		{43FDF823-BC71-4452-AB29-A028E38B7FD1}.Release|iPhone.Build.0 = Release|Any CPU
		{43FDF823-BC71-4452-AB29-A028E38B7FD1}.Release|iPhoneSimulator.ActiveCfg = Release|Any CPU
		{43FDF823-BC71-4452-AB29-A028E38B7FD1}.Release|iPhoneSimulator.Build.0 = Release|Any CPU
		{43FDF823-BC71-4452-AB29-A028E38B7FD1}.Release|x64.ActiveCfg = Release|Any CPU
		{43FDF823-BC71-4452-AB29-A028E38B7FD1}.Release|x64.Build.0 = Release|Any CPU
		{43FDF823-BC71-4452-AB29-A028E38B7FD1}.Release|x86.ActiveCfg = Release|Any CPU
		{43FDF823-BC71-4452-AB29-A028E38B7FD1}.Release|x86.Build.0 = Release|Any CPU
	EndGlobalSection
	GlobalSection(SolutionProperties) = preSolution
		HideSolutionNode = FALSE
	EndGlobalSection
EndGlobal
