
Microsoft Visual Studio Solution File, Format Version 12.00
# Visual Studio 15
VisualStudioVersion = 15.0.25920.0
MinimumVisualStudioVersion = 10.0.40219.1
Project("{FAE04EC0-301F-11D3-BF4B-00C04F79EFBC}") = "PITCSurveySvc", "PITCSurveySvc\PITCSurveySvc.csproj", "{8C5B2370-757E-44D7-A848-5693BC0D6468}"
EndProject
Project("{FAE04EC0-301F-11D3-BF4B-00C04F79EFBC}") = "PITCSurveySvc.Tests", "PITCSurveySvc.Tests\PITCSurveySvc.Tests.csproj", "{C0724A63-8DA4-4D67-A835-797B2280197B}"
EndProject
Project("{FAE04EC0-301F-11D3-BF4B-00C04F79EFBC}") = "PITCSurveyLib", "..\Client\PITCSurveyLib\PITCSurveyLib\PITCSurveyLib.csproj", "{7AF89069-6241-4905-81C8-0898D40D4A1D}"
EndProject
Global
	GlobalSection(SolutionConfigurationPlatforms) = preSolution
		Debug|Any CPU = Debug|Any CPU
		Debug|x64 = Debug|x64
		Debug|x86 = Debug|x86
		Release|Any CPU = Release|Any CPU
		Release|x64 = Release|x64
		Release|x86 = Release|x86
	EndGlobalSection
	GlobalSection(ProjectConfigurationPlatforms) = postSolution
		{8C5B2370-757E-44D7-A848-5693BC0D6468}.Debug|Any CPU.ActiveCfg = Debug|Any CPU
		{8C5B2370-757E-44D7-A848-5693BC0D6468}.Debug|Any CPU.Build.0 = Debug|Any CPU
		{8C5B2370-757E-44D7-A848-5693BC0D6468}.Debug|x64.ActiveCfg = Debug|Any CPU
		{8C5B2370-757E-44D7-A848-5693BC0D6468}.Debug|x64.Build.0 = Debug|Any CPU
		{8C5B2370-757E-44D7-A848-5693BC0D6468}.Debug|x86.ActiveCfg = Debug|Any CPU
		{8C5B2370-757E-44D7-A848-5693BC0D6468}.Debug|x86.Build.0 = Debug|Any CPU
		{8C5B2370-757E-44D7-A848-5693BC0D6468}.Release|Any CPU.ActiveCfg = Release|Any CPU
		{8C5B2370-757E-44D7-A848-5693BC0D6468}.Release|Any CPU.Build.0 = Release|Any CPU
		{8C5B2370-757E-44D7-A848-5693BC0D6468}.Release|x64.ActiveCfg = Release|Any CPU
		{8C5B2370-757E-44D7-A848-5693BC0D6468}.Release|x64.Build.0 = Release|Any CPU
		{8C5B2370-757E-44D7-A848-5693BC0D6468}.Release|x86.ActiveCfg = Release|Any CPU
		{8C5B2370-757E-44D7-A848-5693BC0D6468}.Release|x86.Build.0 = Release|Any CPU
		{C0724A63-8DA4-4D67-A835-797B2280197B}.Debug|Any CPU.ActiveCfg = Debug|Any CPU
		{C0724A63-8DA4-4D67-A835-797B2280197B}.Debug|Any CPU.Build.0 = Debug|Any CPU
		{C0724A63-8DA4-4D67-A835-797B2280197B}.Debug|x64.ActiveCfg = Debug|Any CPU
		{C0724A63-8DA4-4D67-A835-797B2280197B}.Debug|x64.Build.0 = Debug|Any CPU
		{C0724A63-8DA4-4D67-A835-797B2280197B}.Debug|x86.ActiveCfg = Debug|Any CPU
		{C0724A63-8DA4-4D67-A835-797B2280197B}.Debug|x86.Build.0 = Debug|Any CPU
		{C0724A63-8DA4-4D67-A835-797B2280197B}.Release|Any CPU.ActiveCfg = Release|Any CPU
		{C0724A63-8DA4-4D67-A835-797B2280197B}.Release|Any CPU.Build.0 = Release|Any CPU
		{C0724A63-8DA4-4D67-A835-797B2280197B}.Release|x64.ActiveCfg = Release|Any CPU
		{C0724A63-8DA4-4D67-A835-797B2280197B}.Release|x64.Build.0 = Release|Any CPU
		{C0724A63-8DA4-4D67-A835-797B2280197B}.Release|x86.ActiveCfg = Release|Any CPU
		{C0724A63-8DA4-4D67-A835-797B2280197B}.Release|x86.Build.0 = Release|Any CPU
		{7AF89069-6241-4905-81C8-0898D40D4A1D}.Debug|Any CPU.ActiveCfg = Debug|Any CPU
		{7AF89069-6241-4905-81C8-0898D40D4A1D}.Debug|Any CPU.Build.0 = Debug|Any CPU
		{7AF89069-6241-4905-81C8-0898D40D4A1D}.Debug|x64.ActiveCfg = Debug|Any CPU
		{7AF89069-6241-4905-81C8-0898D40D4A1D}.Debug|x64.Build.0 = Debug|Any CPU
		{7AF89069-6241-4905-81C8-0898D40D4A1D}.Debug|x86.ActiveCfg = Debug|Any CPU
		{7AF89069-6241-4905-81C8-0898D40D4A1D}.Debug|x86.Build.0 = Debug|Any CPU
		{7AF89069-6241-4905-81C8-0898D40D4A1D}.Release|Any CPU.ActiveCfg = Release|Any CPU
		{7AF89069-6241-4905-81C8-0898D40D4A1D}.Release|Any CPU.Build.0 = Release|Any CPU
		{7AF89069-6241-4905-81C8-0898D40D4A1D}.Release|x64.ActiveCfg = Release|Any CPU
		{7AF89069-6241-4905-81C8-0898D40D4A1D}.Release|x64.Build.0 = Release|Any CPU
		{7AF89069-6241-4905-81C8-0898D40D4A1D}.Release|x86.ActiveCfg = Release|Any CPU
		{7AF89069-6241-4905-81C8-0898D40D4A1D}.Release|x86.Build.0 = Release|Any CPU
	EndGlobalSection
	GlobalSection(SolutionProperties) = preSolution
		HideSolutionNode = FALSE
	EndGlobalSection
EndGlobal
